
Microsoft Visual Studio Solution File, Format Version 12.00
# Visual Studio Version 17
VisualStudioVersion = 17.0.31612.314
MinimumVisualStudioVersion = 10.0.40219.1
Project("{2150E333-8FDC-42A3-9474-1A3956D46DE8}") = "WebApps", "WebApps", "{C33EDD73-78FF-41DD-921D-F196C91FEA28}"
EndProject
Project("{9A19103F-16F7-4668-BE54-9A1E7A4F7556}") = "BlazorismChat.Server", "BlazorismChat\WebApps\Server\BlazorismChat.Server.csproj", "{0D199FD3-AAA4-4B34-A8EC-B15169636A99}"
EndProject
Project("{9A19103F-16F7-4668-BE54-9A1E7A4F7556}") = "BlazorismChat.Client", "BlazorismChat\WebApps\Client\BlazorismChat.Client.csproj", "{9A818C9F-EB6C-4E25-8A43-AAC16DCF14C9}"
EndProject
Project("{2150E333-8FDC-42A3-9474-1A3956D46DE8}") = "Tests", "Tests", "{E1FD4E53-922B-4688-98CB-AA2E421C987E}"
EndProject
Project("{9A19103F-16F7-4668-BE54-9A1E7A4F7556}") = "BlazorismChat.ClientTests", "BlazorismChat\Tests\BlazorismChat.ClientTests\BlazorismChat.ClientTests.csproj", "{FB677687-DD65-4A01-90E9-69BE5E40BBAD}"
EndProject
Project("{2150E333-8FDC-42A3-9474-1A3956D46DE8}") = "Layers", "Layers", "{23A2A4B7-1AA8-4AAA-8608-AC29E82FCC87}"
EndProject
Project("{9A19103F-16F7-4668-BE54-9A1E7A4F7556}") = "BlazorismChat.DbLayer", "BlazorismChat\Layers\BlazorismChat.DbLayer\BlazorismChat.DbLayer.csproj", "{5D94E9D2-F204-4134-9F99-7D8DA1F9A0BB}"
EndProject
Project("{9A19103F-16F7-4668-BE54-9A1E7A4F7556}") = "BlazorismChat.ClientLibraries", "BlazorismChat\Layers\BlazorismChat.ClientLibraries\BlazorismChat.ClientLibraries.csproj", "{CFFCC361-8E94-438A-A9F7-FE5407B8F604}"
EndProject
Project("{9A19103F-16F7-4668-BE54-9A1E7A4F7556}") = "BlazorismChat.Core", "BlazorismChat\Layers\BlazorismChat.Core\BlazorismChat.Core.csproj", "{5D8F18B4-0C84-4522-8F0E-304D80D5E112}"
EndProject
Project("{FAE04EC0-301F-11D3-BF4B-00C04F79EFBC}") = "BlazorismChat.DbLayerTests", "BlazorismChat\Tests\BlazorismChat.DbLayerTests\BlazorismChat.DbLayerTests.csproj", "{705FC075-BF46-4BDD-8716-EE68530C7B1B}"
EndProject
Global
	GlobalSection(SolutionConfigurationPlatforms) = preSolution
		Debug|Any CPU = Debug|Any CPU
		Release|Any CPU = Release|Any CPU
	EndGlobalSection
	GlobalSection(ProjectConfigurationPlatforms) = postSolution
		{0D199FD3-AAA4-4B34-A8EC-B15169636A99}.Debug|Any CPU.ActiveCfg = Debug|Any CPU
		{0D199FD3-AAA4-4B34-A8EC-B15169636A99}.Debug|Any CPU.Build.0 = Debug|Any CPU
		{0D199FD3-AAA4-4B34-A8EC-B15169636A99}.Release|Any CPU.ActiveCfg = Release|Any CPU
		{0D199FD3-AAA4-4B34-A8EC-B15169636A99}.Release|Any CPU.Build.0 = Release|Any CPU
		{9A818C9F-EB6C-4E25-8A43-AAC16DCF14C9}.Debug|Any CPU.ActiveCfg = Debug|Any CPU
		{9A818C9F-EB6C-4E25-8A43-AAC16DCF14C9}.Debug|Any CPU.Build.0 = Debug|Any CPU
		{9A818C9F-EB6C-4E25-8A43-AAC16DCF14C9}.Release|Any CPU.ActiveCfg = Release|Any CPU
		{9A818C9F-EB6C-4E25-8A43-AAC16DCF14C9}.Release|Any CPU.Build.0 = Release|Any CPU
		{FB677687-DD65-4A01-90E9-69BE5E40BBAD}.Debug|Any CPU.ActiveCfg = Debug|Any CPU
		{FB677687-DD65-4A01-90E9-69BE5E40BBAD}.Debug|Any CPU.Build.0 = Debug|Any CPU
		{FB677687-DD65-4A01-90E9-69BE5E40BBAD}.Release|Any CPU.ActiveCfg = Release|Any CPU
		{FB677687-DD65-4A01-90E9-69BE5E40BBAD}.Release|Any CPU.Build.0 = Release|Any CPU
		{5D94E9D2-F204-4134-9F99-7D8DA1F9A0BB}.Debug|Any CPU.ActiveCfg = Debug|Any CPU
		{5D94E9D2-F204-4134-9F99-7D8DA1F9A0BB}.Debug|Any CPU.Build.0 = Debug|Any CPU
		{5D94E9D2-F204-4134-9F99-7D8DA1F9A0BB}.Release|Any CPU.ActiveCfg = Release|Any CPU
		{5D94E9D2-F204-4134-9F99-7D8DA1F9A0BB}.Release|Any CPU.Build.0 = Release|Any CPU
		{CFFCC361-8E94-438A-A9F7-FE5407B8F604}.Debug|Any CPU.ActiveCfg = Debug|Any CPU
		{CFFCC361-8E94-438A-A9F7-FE5407B8F604}.Debug|Any CPU.Build.0 = Debug|Any CPU
		{CFFCC361-8E94-438A-A9F7-FE5407B8F604}.Release|Any CPU.ActiveCfg = Release|Any CPU
		{CFFCC361-8E94-438A-A9F7-FE5407B8F604}.Release|Any CPU.Build.0 = Release|Any CPU
		{5D8F18B4-0C84-4522-8F0E-304D80D5E112}.Debug|Any CPU.ActiveCfg = Debug|Any CPU
		{5D8F18B4-0C84-4522-8F0E-304D80D5E112}.Debug|Any CPU.Build.0 = Debug|Any CPU
		{5D8F18B4-0C84-4522-8F0E-304D80D5E112}.Release|Any CPU.ActiveCfg = Release|Any CPU
		{5D8F18B4-0C84-4522-8F0E-304D80D5E112}.Release|Any CPU.Build.0 = Release|Any CPU
		{705FC075-BF46-4BDD-8716-EE68530C7B1B}.Debug|Any CPU.ActiveCfg = Debug|Any CPU
		{705FC075-BF46-4BDD-8716-EE68530C7B1B}.Debug|Any CPU.Build.0 = Debug|Any CPU
		{705FC075-BF46-4BDD-8716-EE68530C7B1B}.Release|Any CPU.ActiveCfg = Release|Any CPU
		{705FC075-BF46-4BDD-8716-EE68530C7B1B}.Release|Any CPU.Build.0 = Release|Any CPU
	EndGlobalSection
	GlobalSection(SolutionProperties) = preSolution
		HideSolutionNode = FALSE
	EndGlobalSection
	GlobalSection(NestedProjects) = preSolution
		{0D199FD3-AAA4-4B34-A8EC-B15169636A99} = {C33EDD73-78FF-41DD-921D-F196C91FEA28}
		{9A818C9F-EB6C-4E25-8A43-AAC16DCF14C9} = {C33EDD73-78FF-41DD-921D-F196C91FEA28}
		{FB677687-DD65-4A01-90E9-69BE5E40BBAD} = {E1FD4E53-922B-4688-98CB-AA2E421C987E}
		{5D94E9D2-F204-4134-9F99-7D8DA1F9A0BB} = {23A2A4B7-1AA8-4AAA-8608-AC29E82FCC87}
		{CFFCC361-8E94-438A-A9F7-FE5407B8F604} = {23A2A4B7-1AA8-4AAA-8608-AC29E82FCC87}
		{5D8F18B4-0C84-4522-8F0E-304D80D5E112} = {23A2A4B7-1AA8-4AAA-8608-AC29E82FCC87}
		{705FC075-BF46-4BDD-8716-EE68530C7B1B} = {E1FD4E53-922B-4688-98CB-AA2E421C987E}
	EndGlobalSection
	GlobalSection(ExtensibilityGlobals) = postSolution
		SolutionGuid = {67C33110-0E9F-4755-95E0-5B13740AC95A}
	EndGlobalSection
EndGlobal
